// !$*UTF8*$!
{
	archiveVersion = 1;
	classes = {
	};
	objectVersion = 56;
	objects = {

/* Begin PBXBuildFile section */
		634A691B2A444FEF00790BDA /* AppDelegate.swift in Sources */ = {isa = PBXBuildFile; fileRef = 634A691A2A444FEF00790BDA /* AppDelegate.swift */; };
		634A691D2A444FEF00790BDA /* SceneDelegate.swift in Sources */ = {isa = PBXBuildFile; fileRef = 634A691C2A444FEF00790BDA /* SceneDelegate.swift */; };
		634A691F2A444FEF00790BDA /* ViewController.swift in Sources */ = {isa = PBXBuildFile; fileRef = 634A691E2A444FEF00790BDA /* ViewController.swift */; };
		634A69242A444FF000790BDA /* Assets.xcassets in Resources */ = {isa = PBXBuildFile; fileRef = 634A69232A444FF000790BDA /* Assets.xcassets */; };
		634A69272A444FF000790BDA /* LaunchScreen.storyboard in Resources */ = {isa = PBXBuildFile; fileRef = 634A69252A444FF000790BDA /* LaunchScreen.storyboard */; };
		634A692F2A44505C00790BDA /* Coordinator.swift in Sources */ = {isa = PBXBuildFile; fileRef = 634A692E2A44505C00790BDA /* Coordinator.swift */; };
		634A69312A44506C00790BDA /* MainCoordinator.swift in Sources */ = {isa = PBXBuildFile; fileRef = 634A69302A44506C00790BDA /* MainCoordinator.swift */; };
		634A69352A4450B600790BDA /* TabBarViewController.swift in Sources */ = {isa = PBXBuildFile; fileRef = 634A69342A4450B600790BDA /* TabBarViewController.swift */; };
		634A69372A4450D600790BDA /* Factory.swift in Sources */ = {isa = PBXBuildFile; fileRef = 634A69362A4450D600790BDA /* Factory.swift */; };
		634A69392A44510100790BDA /* FirtsScreenViewModel.swift in Sources */ = {isa = PBXBuildFile; fileRef = 634A69382A44510100790BDA /* FirtsScreenViewModel.swift */; };
		634A693B2A44518900790BDA /* FirstScreenCoordinator.swift in Sources */ = {isa = PBXBuildFile; fileRef = 634A693A2A44518900790BDA /* FirstScreenCoordinator.swift */; };
		634A693F2A44529700790BDA /* FirstScreenView.swift in Sources */ = {isa = PBXBuildFile; fileRef = 634A693E2A44529700790BDA /* FirstScreenView.swift */; };
		634A69422A44538500790BDA /* CommonExtensions.swift in Sources */ = {isa = PBXBuildFile; fileRef = 634A69412A44538500790BDA /* CommonExtensions.swift */; };
		634A69442A44546500790BDA /* MenuCell.swift in Sources */ = {isa = PBXBuildFile; fileRef = 634A69432A44546500790BDA /* MenuCell.swift */; };
		6385DAC92A44709D002E3DBA /* NetworkDataFetcher.swift in Sources */ = {isa = PBXBuildFile; fileRef = 6385DAC82A44709D002E3DBA /* NetworkDataFetcher.swift */; };
		6385DACB2A4470B3002E3DBA /* NetworkService.swift in Sources */ = {isa = PBXBuildFile; fileRef = 6385DACA2A4470B3002E3DBA /* NetworkService.swift */; };
		6385DACD2A4470CE002E3DBA /* NetworkFetcherService.swift in Sources */ = {isa = PBXBuildFile; fileRef = 6385DACC2A4470CE002E3DBA /* NetworkFetcherService.swift */; };
		6385DACF2A447420002E3DBA /* MenuModel.swift in Sources */ = {isa = PBXBuildFile; fileRef = 6385DACE2A447420002E3DBA /* MenuModel.swift */; };
		639088132A458305005B9BE1 /* Model.swift in Sources */ = {isa = PBXBuildFile; fileRef = 639088122A458305005B9BE1 /* Model.swift */; };
		63B664752A455A100035D4A1 /* MenuHeader.swift in Sources */ = {isa = PBXBuildFile; fileRef = 63B664742A455A100035D4A1 /* MenuHeader.swift */; };
		63B664782A455AF60035D4A1 /* SelectCategoryCell.swift in Sources */ = {isa = PBXBuildFile; fileRef = 63B664772A455AF60035D4A1 /* SelectCategoryCell.swift */; };
/* End PBXBuildFile section */

/* Begin PBXFileReference section */
		634A69172A444FEF00790BDA /* FoodDeliveryDemoApp.app */ = {isa = PBXFileReference; explicitFileType = wrapper.application; includeInIndex = 0; path = FoodDeliveryDemoApp.app; sourceTree = BUILT_PRODUCTS_DIR; };
		634A691A2A444FEF00790BDA /* AppDelegate.swift */ = {isa = PBXFileReference; lastKnownFileType = sourcecode.swift; path = AppDelegate.swift; sourceTree = "<group>"; };
		634A691C2A444FEF00790BDA /* SceneDelegate.swift */ = {isa = PBXFileReference; lastKnownFileType = sourcecode.swift; path = SceneDelegate.swift; sourceTree = "<group>"; };
		634A691E2A444FEF00790BDA /* ViewController.swift */ = {isa = PBXFileReference; lastKnownFileType = sourcecode.swift; path = ViewController.swift; sourceTree = "<group>"; };
		634A69232A444FF000790BDA /* Assets.xcassets */ = {isa = PBXFileReference; lastKnownFileType = folder.assetcatalog; path = Assets.xcassets; sourceTree = "<group>"; };
		634A69262A444FF000790BDA /* Base */ = {isa = PBXFileReference; lastKnownFileType = file.storyboard; name = Base; path = Base.lproj/LaunchScreen.storyboard; sourceTree = "<group>"; };
		634A69282A444FF000790BDA /* Info.plist */ = {isa = PBXFileReference; lastKnownFileType = text.plist.xml; path = Info.plist; sourceTree = "<group>"; };
		634A692E2A44505C00790BDA /* Coordinator.swift */ = {isa = PBXFileReference; lastKnownFileType = sourcecode.swift; path = Coordinator.swift; sourceTree = "<group>"; };
		634A69302A44506C00790BDA /* MainCoordinator.swift */ = {isa = PBXFileReference; lastKnownFileType = sourcecode.swift; path = MainCoordinator.swift; sourceTree = "<group>"; };
		634A69342A4450B600790BDA /* TabBarViewController.swift */ = {isa = PBXFileReference; lastKnownFileType = sourcecode.swift; path = TabBarViewController.swift; sourceTree = "<group>"; };
		634A69362A4450D600790BDA /* Factory.swift */ = {isa = PBXFileReference; lastKnownFileType = sourcecode.swift; path = Factory.swift; sourceTree = "<group>"; };
		634A69382A44510100790BDA /* FirtsScreenViewModel.swift */ = {isa = PBXFileReference; lastKnownFileType = sourcecode.swift; path = FirtsScreenViewModel.swift; sourceTree = "<group>"; };
		634A693A2A44518900790BDA /* FirstScreenCoordinator.swift */ = {isa = PBXFileReference; lastKnownFileType = sourcecode.swift; path = FirstScreenCoordinator.swift; sourceTree = "<group>"; };
		634A693E2A44529700790BDA /* FirstScreenView.swift */ = {isa = PBXFileReference; lastKnownFileType = sourcecode.swift; path = FirstScreenView.swift; sourceTree = "<group>"; };
		634A69412A44538500790BDA /* CommonExtensions.swift */ = {isa = PBXFileReference; lastKnownFileType = sourcecode.swift; path = CommonExtensions.swift; sourceTree = "<group>"; };
		634A69432A44546500790BDA /* MenuCell.swift */ = {isa = PBXFileReference; lastKnownFileType = sourcecode.swift; path = MenuCell.swift; sourceTree = "<group>"; };
		6385DAC82A44709D002E3DBA /* NetworkDataFetcher.swift */ = {isa = PBXFileReference; lastKnownFileType = sourcecode.swift; path = NetworkDataFetcher.swift; sourceTree = "<group>"; };
		6385DACA2A4470B3002E3DBA /* NetworkService.swift */ = {isa = PBXFileReference; lastKnownFileType = sourcecode.swift; path = NetworkService.swift; sourceTree = "<group>"; };
		6385DACC2A4470CE002E3DBA /* NetworkFetcherService.swift */ = {isa = PBXFileReference; lastKnownFileType = sourcecode.swift; path = NetworkFetcherService.swift; sourceTree = "<group>"; };
		6385DACE2A447420002E3DBA /* MenuModel.swift */ = {isa = PBXFileReference; lastKnownFileType = sourcecode.swift; path = MenuModel.swift; sourceTree = "<group>"; };
		639088122A458305005B9BE1 /* Model.swift */ = {isa = PBXFileReference; lastKnownFileType = sourcecode.swift; path = Model.swift; sourceTree = "<group>"; };
		63B664742A455A100035D4A1 /* MenuHeader.swift */ = {isa = PBXFileReference; lastKnownFileType = sourcecode.swift; path = MenuHeader.swift; sourceTree = "<group>"; };
		63B664772A455AF60035D4A1 /* SelectCategoryCell.swift */ = {isa = PBXFileReference; lastKnownFileType = sourcecode.swift; path = SelectCategoryCell.swift; sourceTree = "<group>"; };
/* End PBXFileReference section */

/* Begin PBXFrameworksBuildPhase section */
		634A69142A444FEF00790BDA /* Frameworks */ = {
			isa = PBXFrameworksBuildPhase;
			buildActionMask = 2147483647;
			files = (
			);
			runOnlyForDeploymentPostprocessing = 0;
		};
/* End PBXFrameworksBuildPhase section */

/* Begin PBXGroup section */
		634A690E2A444FEF00790BDA = {
			isa = PBXGroup;
			children = (
				634A69192A444FEF00790BDA /* FoodDeliveryDemoApp */,
				634A69182A444FEF00790BDA /* Products */,
			);
			sourceTree = "<group>";
		};
		634A69182A444FEF00790BDA /* Products */ = {
			isa = PBXGroup;
			children = (
				634A69172A444FEF00790BDA /* FoodDeliveryDemoApp.app */,
			);
			name = Products;
			sourceTree = "<group>";
		};
		634A69192A444FEF00790BDA /* FoodDeliveryDemoApp */ = {
			isa = PBXGroup;
			children = (
				634A691A2A444FEF00790BDA /* AppDelegate.swift */,
				634A691C2A444FEF00790BDA /* SceneDelegate.swift */,
				634A693C2A44525F00790BDA /* Coordinator */,
				634A693D2A44527300790BDA /* FirstScreen */,
				6385DAC72A447079002E3DBA /* Networking */,
				634A69402A44537300790BDA /* Common */,
				634A69232A444FF000790BDA /* Assets.xcassets */,
				634A69252A444FF000790BDA /* LaunchScreen.storyboard */,
				634A69282A444FF000790BDA /* Info.plist */,
			);
			path = FoodDeliveryDemoApp;
			sourceTree = "<group>";
		};
		634A693C2A44525F00790BDA /* Coordinator */ = {
			isa = PBXGroup;
			children = (
				634A692E2A44505C00790BDA /* Coordinator.swift */,
				634A69302A44506C00790BDA /* MainCoordinator.swift */,
				634A693A2A44518900790BDA /* FirstScreenCoordinator.swift */,
				634A69362A4450D600790BDA /* Factory.swift */,
				634A69342A4450B600790BDA /* TabBarViewController.swift */,
			);
			path = Coordinator;
			sourceTree = "<group>";
		};
		634A693D2A44527300790BDA /* FirstScreen */ = {
			isa = PBXGroup;
			children = (
				634A69382A44510100790BDA /* FirtsScreenViewModel.swift */,
				639088122A458305005B9BE1 /* Model.swift */,
				634A691E2A444FEF00790BDA /* ViewController.swift */,
				63B664762A455A390035D4A1 /* Views */,
			);
			path = FirstScreen;
			sourceTree = "<group>";
		};
		634A69402A44537300790BDA /* Common */ = {
			isa = PBXGroup;
			children = (
				634A69412A44538500790BDA /* CommonExtensions.swift */,
			);
			path = Common;
			sourceTree = "<group>";
		};
		6385DAC72A447079002E3DBA /* Networking */ = {
			isa = PBXGroup;
			children = (
				6385DAC82A44709D002E3DBA /* NetworkDataFetcher.swift */,
				6385DACA2A4470B3002E3DBA /* NetworkService.swift */,
				6385DACC2A4470CE002E3DBA /* NetworkFetcherService.swift */,
				6385DACE2A447420002E3DBA /* MenuModel.swift */,
			);
			path = Networking;
			sourceTree = "<group>";
		};
		63B664762A455A390035D4A1 /* Views */ = {
			isa = PBXGroup;
			children = (
				634A693E2A44529700790BDA /* FirstScreenView.swift */,
				634A69432A44546500790BDA /* MenuCell.swift */,
				63B664742A455A100035D4A1 /* MenuHeader.swift */,
				63B664772A455AF60035D4A1 /* SelectCategoryCell.swift */,
			);
			path = Views;
			sourceTree = "<group>";
		};
/* End PBXGroup section */

/* Begin PBXNativeTarget section */
		634A69162A444FEF00790BDA /* FoodDeliveryDemoApp */ = {
			isa = PBXNativeTarget;
			buildConfigurationList = 634A692B2A444FF000790BDA /* Build configuration list for PBXNativeTarget "FoodDeliveryDemoApp" */;
			buildPhases = (
				634A69132A444FEF00790BDA /* Sources */,
				634A69142A444FEF00790BDA /* Frameworks */,
				634A69152A444FEF00790BDA /* Resources */,
			);
			buildRules = (
			);
			dependencies = (
			);
			name = FoodDeliveryDemoApp;
			productName = FoodDeliveryDemoApp;
			productReference = 634A69172A444FEF00790BDA /* FoodDeliveryDemoApp.app */;
			productType = "com.apple.product-type.application";
		};
/* End PBXNativeTarget section */

/* Begin PBXProject section */
		634A690F2A444FEF00790BDA /* Project object */ = {
			isa = PBXProject;
			attributes = {
				BuildIndependentTargetsInParallel = 1;
				LastSwiftUpdateCheck = 1430;
				LastUpgradeCheck = 1430;
				TargetAttributes = {
					634A69162A444FEF00790BDA = {
						CreatedOnToolsVersion = 14.3;
					};
				};
			};
			buildConfigurationList = 634A69122A444FEF00790BDA /* Build configuration list for PBXProject "FoodDeliveryDemoApp" */;
			compatibilityVersion = "Xcode 14.0";
			developmentRegion = en;
			hasScannedForEncodings = 0;
			knownRegions = (
				en,
				Base,
			);
			mainGroup = 634A690E2A444FEF00790BDA;
			productRefGroup = 634A69182A444FEF00790BDA /* Products */;
			projectDirPath = "";
			projectRoot = "";
			targets = (
				634A69162A444FEF00790BDA /* FoodDeliveryDemoApp */,
			);
		};
/* End PBXProject section */

/* Begin PBXResourcesBuildPhase section */
		634A69152A444FEF00790BDA /* Resources */ = {
			isa = PBXResourcesBuildPhase;
			buildActionMask = 2147483647;
			files = (
				634A69272A444FF000790BDA /* LaunchScreen.storyboard in Resources */,
				634A69242A444FF000790BDA /* Assets.xcassets in Resources */,
			);
			runOnlyForDeploymentPostprocessing = 0;
		};
/* End PBXResourcesBuildPhase section */

/* Begin PBXSourcesBuildPhase section */
		634A69132A444FEF00790BDA /* Sources */ = {
			isa = PBXSourcesBuildPhase;
			buildActionMask = 2147483647;
			files = (
				6385DACF2A447420002E3DBA /* MenuModel.swift in Sources */,
				634A692F2A44505C00790BDA /* Coordinator.swift in Sources */,
				634A69422A44538500790BDA /* CommonExtensions.swift in Sources */,
				63B664782A455AF60035D4A1 /* SelectCategoryCell.swift in Sources */,
				634A69442A44546500790BDA /* MenuCell.swift in Sources */,
				63B664752A455A100035D4A1 /* MenuHeader.swift in Sources */,
				634A693B2A44518900790BDA /* FirstScreenCoordinator.swift in Sources */,
				6385DAC92A44709D002E3DBA /* NetworkDataFetcher.swift in Sources */,
				634A69392A44510100790BDA /* FirtsScreenViewModel.swift in Sources */,
				6385DACB2A4470B3002E3DBA /* NetworkService.swift in Sources */,
				634A693F2A44529700790BDA /* FirstScreenView.swift in Sources */,
				634A691F2A444FEF00790BDA /* ViewController.swift in Sources */,
				634A691B2A444FEF00790BDA /* AppDelegate.swift in Sources */,
				634A69312A44506C00790BDA /* MainCoordinator.swift in Sources */,
				634A69352A4450B600790BDA /* TabBarViewController.swift in Sources */,
				634A691D2A444FEF00790BDA /* SceneDelegate.swift in Sources */,
				639088132A458305005B9BE1 /* Model.swift in Sources */,
				634A69372A4450D600790BDA /* Factory.swift in Sources */,
				6385DACD2A4470CE002E3DBA /* NetworkFetcherService.swift in Sources */,
			);
			runOnlyForDeploymentPostprocessing = 0;
		};
/* End PBXSourcesBuildPhase section */

/* Begin PBXVariantGroup section */
		634A69252A444FF000790BDA /* LaunchScreen.storyboard */ = {
			isa = PBXVariantGroup;
			children = (
				634A69262A444FF000790BDA /* Base */,
			);
			name = LaunchScreen.storyboard;
			sourceTree = "<group>";
		};
/* End PBXVariantGroup section */

/* Begin XCBuildConfiguration section */
		634A69292A444FF000790BDA /* Debug */ = {
			isa = XCBuildConfiguration;
			buildSettings = {
				ALWAYS_SEARCH_USER_PATHS = NO;
				CLANG_ANALYZER_NONNULL = YES;
				CLANG_ANALYZER_NUMBER_OBJECT_CONVERSION = YES_AGGRESSIVE;
				CLANG_CXX_LANGUAGE_STANDARD = "gnu++20";
				CLANG_ENABLE_MODULES = YES;
				CLANG_ENABLE_OBJC_ARC = YES;
				CLANG_ENABLE_OBJC_WEAK = YES;
				CLANG_WARN_BLOCK_CAPTURE_AUTORELEASING = YES;
				CLANG_WARN_BOOL_CONVERSION = YES;
				CLANG_WARN_COMMA = YES;
				CLANG_WARN_CONSTANT_CONVERSION = YES;
				CLANG_WARN_DEPRECATED_OBJC_IMPLEMENTATIONS = YES;
				CLANG_WARN_DIRECT_OBJC_ISA_USAGE = YES_ERROR;
				CLANG_WARN_DOCUMENTATION_COMMENTS = YES;
				CLANG_WARN_EMPTY_BODY = YES;
				CLANG_WARN_ENUM_CONVERSION = YES;
				CLANG_WARN_INFINITE_RECURSION = YES;
				CLANG_WARN_INT_CONVERSION = YES;
				CLANG_WARN_NON_LITERAL_NULL_CONVERSION = YES;
				CLANG_WARN_OBJC_IMPLICIT_RETAIN_SELF = YES;
				CLANG_WARN_OBJC_LITERAL_CONVERSION = YES;
				CLANG_WARN_OBJC_ROOT_CLASS = YES_ERROR;
				CLANG_WARN_QUOTED_INCLUDE_IN_FRAMEWORK_HEADER = YES;
				CLANG_WARN_RANGE_LOOP_ANALYSIS = YES;
				CLANG_WARN_STRICT_PROTOTYPES = YES;
				CLANG_WARN_SUSPICIOUS_MOVE = YES;
				CLANG_WARN_UNGUARDED_AVAILABILITY = YES_AGGRESSIVE;
				CLANG_WARN_UNREACHABLE_CODE = YES;
				CLANG_WARN__DUPLICATE_METHOD_MATCH = YES;
				COPY_PHASE_STRIP = NO;
				DEBUG_INFORMATION_FORMAT = dwarf;
				ENABLE_STRICT_OBJC_MSGSEND = YES;
				ENABLE_TESTABILITY = YES;
				GCC_C_LANGUAGE_STANDARD = gnu11;
				GCC_DYNAMIC_NO_PIC = NO;
				GCC_NO_COMMON_BLOCKS = YES;
				GCC_OPTIMIZATION_LEVEL = 0;
				GCC_PREPROCESSOR_DEFINITIONS = (
					"DEBUG=1",
					"$(inherited)",
				);
				GCC_WARN_64_TO_32_BIT_CONVERSION = YES;
				GCC_WARN_ABOUT_RETURN_TYPE = YES_ERROR;
				GCC_WARN_UNDECLARED_SELECTOR = YES;
				GCC_WARN_UNINITIALIZED_AUTOS = YES_AGGRESSIVE;
				GCC_WARN_UNUSED_FUNCTION = YES;
				GCC_WARN_UNUSED_VARIABLE = YES;
				IPHONEOS_DEPLOYMENT_TARGET = 16.4;
				MTL_ENABLE_DEBUG_INFO = INCLUDE_SOURCE;
				MTL_FAST_MATH = YES;
				ONLY_ACTIVE_ARCH = YES;
				SDKROOT = iphoneos;
				SWIFT_ACTIVE_COMPILATION_CONDITIONS = DEBUG;
				SWIFT_OPTIMIZATION_LEVEL = "-Onone";
			};
			name = Debug;
		};
		634A692A2A444FF000790BDA /* Release */ = {
			isa = XCBuildConfiguration;
			buildSettings = {
				ALWAYS_SEARCH_USER_PATHS = NO;
				CLANG_ANALYZER_NONNULL = YES;
				CLANG_ANALYZER_NUMBER_OBJECT_CONVERSION = YES_AGGRESSIVE;
				CLANG_CXX_LANGUAGE_STANDARD = "gnu++20";
				CLANG_ENABLE_MODULES = YES;
				CLANG_ENABLE_OBJC_ARC = YES;
				CLANG_ENABLE_OBJC_WEAK = YES;
				CLANG_WARN_BLOCK_CAPTURE_AUTORELEASING = YES;
				CLANG_WARN_BOOL_CONVERSION = YES;
				CLANG_WARN_COMMA = YES;
				CLANG_WARN_CONSTANT_CONVERSION = YES;
				CLANG_WARN_DEPRECATED_OBJC_IMPLEMENTATIONS = YES;
				CLANG_WARN_DIRECT_OBJC_ISA_USAGE = YES_ERROR;
				CLANG_WARN_DOCUMENTATION_COMMENTS = YES;
				CLANG_WARN_EMPTY_BODY = YES;
				CLANG_WARN_ENUM_CONVERSION = YES;
				CLANG_WARN_INFINITE_RECURSION = YES;
				CLANG_WARN_INT_CONVERSION = YES;
				CLANG_WARN_NON_LITERAL_NULL_CONVERSION = YES;
				CLANG_WARN_OBJC_IMPLICIT_RETAIN_SELF = YES;
				CLANG_WARN_OBJC_LITERAL_CONVERSION = YES;
				CLANG_WARN_OBJC_ROOT_CLASS = YES_ERROR;
				CLANG_WARN_QUOTED_INCLUDE_IN_FRAMEWORK_HEADER = YES;
				CLANG_WARN_RANGE_LOOP_ANALYSIS = YES;
				CLANG_WARN_STRICT_PROTOTYPES = YES;
				CLANG_WARN_SUSPICIOUS_MOVE = YES;
				CLANG_WARN_UNGUARDED_AVAILABILITY = YES_AGGRESSIVE;
				CLANG_WARN_UNREACHABLE_CODE = YES;
				CLANG_WARN__DUPLICATE_METHOD_MATCH = YES;
				COPY_PHASE_STRIP = NO;
				DEBUG_INFORMATION_FORMAT = "dwarf-with-dsym";
				ENABLE_NS_ASSERTIONS = NO;
				ENABLE_STRICT_OBJC_MSGSEND = YES;
				GCC_C_LANGUAGE_STANDARD = gnu11;
				GCC_NO_COMMON_BLOCKS = YES;
				GCC_WARN_64_TO_32_BIT_CONVERSION = YES;
				GCC_WARN_ABOUT_RETURN_TYPE = YES_ERROR;
				GCC_WARN_UNDECLARED_SELECTOR = YES;
				GCC_WARN_UNINITIALIZED_AUTOS = YES_AGGRESSIVE;
				GCC_WARN_UNUSED_FUNCTION = YES;
				GCC_WARN_UNUSED_VARIABLE = YES;
				IPHONEOS_DEPLOYMENT_TARGET = 16.4;
				MTL_ENABLE_DEBUG_INFO = NO;
				MTL_FAST_MATH = YES;
				SDKROOT = iphoneos;
				SWIFT_COMPILATION_MODE = wholemodule;
				SWIFT_OPTIMIZATION_LEVEL = "-O";
				VALIDATE_PRODUCT = YES;
			};
			name = Release;
		};
		634A692C2A444FF000790BDA /* Debug */ = {
			isa = XCBuildConfiguration;
			buildSettings = {
				ASSETCATALOG_COMPILER_APPICON_NAME = AppIcon;
				ASSETCATALOG_COMPILER_GLOBAL_ACCENT_COLOR_NAME = AccentColor;
				CODE_SIGN_STYLE = Automatic;
				CURRENT_PROJECT_VERSION = 1;
				DEVELOPMENT_TEAM = K38NVY9D5B;
				GENERATE_INFOPLIST_FILE = YES;
				INFOPLIST_FILE = FoodDeliveryDemoApp/Info.plist;
				INFOPLIST_KEY_UIApplicationSupportsIndirectInputEvents = YES;
				INFOPLIST_KEY_UILaunchStoryboardName = LaunchScreen;
				INFOPLIST_KEY_UISupportedInterfaceOrientations_iPad = "UIInterfaceOrientationPortrait UIInterfaceOrientationPortraitUpsideDown UIInterfaceOrientationLandscapeLeft UIInterfaceOrientationLandscapeRight";
				INFOPLIST_KEY_UISupportedInterfaceOrientations_iPhone = "UIInterfaceOrientationPortrait UIInterfaceOrientationLandscapeLeft UIInterfaceOrientationLandscapeRight";
				LD_RUNPATH_SEARCH_PATHS = (
					"$(inherited)",
					"@executable_path/Frameworks",
				);
				MARKETING_VERSION = 1.0;
				PRODUCT_BUNDLE_IDENTIFIER = MarkPushkar.FoodDeliveryDemoApp;
				PRODUCT_NAME = "$(TARGET_NAME)";
				SWIFT_EMIT_LOC_STRINGS = YES;
				SWIFT_VERSION = 5.0;
				TARGETED_DEVICE_FAMILY = "1,2";
			};
			name = Debug;
		};
		634A692D2A444FF000790BDA /* Release */ = {
			isa = XCBuildConfiguration;
			buildSettings = {
				ASSETCATALOG_COMPILER_APPICON_NAME = AppIcon;
				ASSETCATALOG_COMPILER_GLOBAL_ACCENT_COLOR_NAME = AccentColor;
				CODE_SIGN_STYLE = Automatic;
				CURRENT_PROJECT_VERSION = 1;
				DEVELOPMENT_TEAM = K38NVY9D5B;
				GENERATE_INFOPLIST_FILE = YES;
				INFOPLIST_FILE = FoodDeliveryDemoApp/Info.plist;
				INFOPLIST_KEY_UIApplicationSupportsIndirectInputEvents = YES;
				INFOPLIST_KEY_UILaunchStoryboardName = LaunchScreen;
				INFOPLIST_KEY_UISupportedInterfaceOrientations_iPad = "UIInterfaceOrientationPortrait UIInterfaceOrientationPortraitUpsideDown UIInterfaceOrientationLandscapeLeft UIInterfaceOrientationLandscapeRight";
				INFOPLIST_KEY_UISupportedInterfaceOrientations_iPhone = "UIInterfaceOrientationPortrait UIInterfaceOrientationLandscapeLeft UIInterfaceOrientationLandscapeRight";
				LD_RUNPATH_SEARCH_PATHS = (
					"$(inherited)",
					"@executable_path/Frameworks",
				);
				MARKETING_VERSION = 1.0;
				PRODUCT_BUNDLE_IDENTIFIER = MarkPushkar.FoodDeliveryDemoApp;
				PRODUCT_NAME = "$(TARGET_NAME)";
				SWIFT_EMIT_LOC_STRINGS = YES;
				SWIFT_VERSION = 5.0;
				TARGETED_DEVICE_FAMILY = "1,2";
			};
			name = Release;
		};
/* End XCBuildConfiguration section */

/* Begin XCConfigurationList section */
		634A69122A444FEF00790BDA /* Build configuration list for PBXProject "FoodDeliveryDemoApp" */ = {
			isa = XCConfigurationList;
			buildConfigurations = (
				634A69292A444FF000790BDA /* Debug */,
				634A692A2A444FF000790BDA /* Release */,
			);
			defaultConfigurationIsVisible = 0;
			defaultConfigurationName = Release;
		};
		634A692B2A444FF000790BDA /* Build configuration list for PBXNativeTarget "FoodDeliveryDemoApp" */ = {
			isa = XCConfigurationList;
			buildConfigurations = (
				634A692C2A444FF000790BDA /* Debug */,
				634A692D2A444FF000790BDA /* Release */,
			);
			defaultConfigurationIsVisible = 0;
			defaultConfigurationName = Release;
		};
/* End XCConfigurationList section */
	};
	rootObject = 634A690F2A444FEF00790BDA /* Project object */;
}
